schema: '2.0'
stages:
  raw_dataset_creation:
    cmd: python src/data/load_data.py --config=params.yaml
    deps:
    - path: data/external/train.csv
      md5: 16d17350f4d6a54714ab0fd0f01c8e8c
      size: 389488
    - path: src/data/load_data.py
      md5: e9079f3959dac5da43a07aee930cb410
      size: 1499
    outs:
    - path: data/raw/train.csv
      md5: 6a80e404b556aba9dcaffadf04a3b6b0
      size: 115441
  split_data:
    cmd: python src/data/split_data.py --config=params.yaml
    deps:
    - path: data/raw/train.csv
      md5: 6a80e404b556aba9dcaffadf04a3b6b0
      size: 115441
    - path: src/data/split_data.py
      md5: 64a0db24f26b14498dc97e714cbf6088
      size: 1364
    outs:
    - path: data/processed/churn_test.csv
      md5: c2f940296c2cf1b6ccc0662a0929a822
      size: 23160
    - path: data/processed/churn_train.csv
      md5: 933ac9496fea20ac8030328a0132fa16
      size: 92409
  model_train:
    cmd: python src/models/train_model.py --config=params.yaml
    deps:
    - path: data/processed/churn_test.csv
      md5: c2f940296c2cf1b6ccc0662a0929a822
      size: 23160
    - path: data/processed/churn_train.csv
      md5: 933ac9496fea20ac8030328a0132fa16
      size: 92409
    - path: src/models/train_model.py
      md5: 3d23b58cd5f1d6401a99ec42c6ebdb6e
      size: 3777
    params:
      params.yaml:
        random_forest.max_depth: 10
        random_forest.n_estimators: 20
  log_production_model:
    cmd: python src/models/production_model_selection.py --config=params.yaml
    deps:
    - path: src/models/production_model_selection.py
      md5: cbce75b7fabc0033521d25306790a371
      size: 1681
    params:
      params.yaml:
        random_forest.max_depth: 10
        random_forest.n_estimators: 20
    outs:
    - path: models/model.joblib
      md5: fe968ff293107b7ec3803b368d876d51
      size: 639124
